{
  "requires": true,
  "lockfileVersion": 1,
  "dependencies": {
    "css-toggle-switch": {
      "version": "4.1.0",
      "resolved": "https://registry.npmjs.org/css-toggle-switch/-/css-toggle-switch-4.1.0.tgz",
      "integrity": "sha512-XdA6fyaQqlBqTmFa6NX58tLPJj4SgDLAxV4Ec73GHQYRTYUTZoEyYHYxWGacLNTP8sTiVycKcAMBrPBKaiIZ9g=="
    },
    "toggle-switch": {
      "version": "0.0.2",
      "resolved": "https://registry.npmjs.org/toggle-switch/-/toggle-switch-0.0.2.tgz",
      "integrity": "sha1-r2/er6JcDnY776OZxeBTI1gSntw="
    }
  }
}
